
Microsoft Visual Studio Solution File, Format Version 12.00
# Visual Studio Version 16
VisualStudioVersion = 16.0.30907.101
MinimumVisualStudioVersion = 10.0.40219.1
Project("{FAE04EC0-301F-11D3-BF4B-00C04F79EFBC}") = "OBJ_Analaizer", "OBJ_Analaizer\OBJ_Analaizer.csproj", "{9E557B08-7A80-4C08-B835-0711604FB26B}"
EndProject
Global
	GlobalSection(SolutionConfigurationPlatforms) = preSolution
		Debug|Any CPU = Debug|Any CPU
		Release|Any CPU = Release|Any CPU
	EndGlobalSection
	GlobalSection(ProjectConfigurationPlatforms) = postSolution
		{9E557B08-7A80-4C08-B835-0711604FB26B}.Debug|Any CPU.ActiveCfg = Debug|Any CPU
		{9E557B08-7A80-4C08-B835-0711604FB26B}.Debug|Any CPU.Build.0 = Debug|Any CPU
		{9E557B08-7A80-4C08-B835-0711604FB26B}.Release|Any CPU.ActiveCfg = Release|Any CPU
		{9E557B08-7A80-4C08-B835-0711604FB26B}.Release|Any CPU.Build.0 = Release|Any CPU
	EndGlobalSection
	GlobalSection(SolutionProperties) = preSolution
		HideSolutionNode = FALSE
	EndGlobalSection
	GlobalSection(ExtensibilityGlobals) = postSolution
		SolutionGuid = {E2787AC1-E900-447C-AE87-4442C201FC7A}
	EndGlobalSection
EndGlobal
