
Microsoft Visual Studio Solution File, Format Version 12.00
# Visual Studio Version 16
VisualStudioVersion = 16.0.30907.101
MinimumVisualStudioVersion = 10.0.40219.1
Project("{9A19103F-16F7-4668-BE54-9A1E7A4F7556}") = "OBJ_Analaizer", "OBJ_Analaizer\OBJ_Analaizer.csproj", "{9E557B08-7A80-4C08-B835-0711604FB26B}"
EndProject
Global
	GlobalSection(SolutionConfigurationPlatforms) = preSolution
		Debug|Any CPU = Debug|Any CPU
		Debug|x64 = Debug|x64
		Release|Any CPU = Release|Any CPU
		Release|x64 = Release|x64
	EndGlobalSection
	GlobalSection(ProjectConfigurationPlatforms) = postSolution
		{9E557B08-7A80-4C08-B835-0711604FB26B}.Debug|Any CPU.ActiveCfg = Debug|Any CPU
		{9E557B08-7A80-4C08-B835-0711604FB26B}.Debug|Any CPU.Build.0 = Debug|Any CPU
		{9E557B08-7A80-4C08-B835-0711604FB26B}.Debug|x64.ActiveCfg = Debug|x64
		{9E557B08-7A80-4C08-B835-0711604FB26B}.Debug|x64.Build.0 = Debug|x64
		{9E557B08-7A80-4C08-B835-0711604FB26B}.Release|Any CPU.ActiveCfg = Release|Any CPU
		{9E557B08-7A80-4C08-B835-0711604FB26B}.Release|Any CPU.Build.0 = Release|Any CPU
		{9E557B08-7A80-4C08-B835-0711604FB26B}.Release|x64.ActiveCfg = Release|x64
		{9E557B08-7A80-4C08-B835-0711604FB26B}.Release|x64.Build.0 = Release|x64
	EndGlobalSection
	GlobalSection(SolutionProperties) = preSolution
		HideSolutionNode = FALSE
	EndGlobalSection
	GlobalSection(ExtensibilityGlobals) = postSolution
		SolutionGuid = {E2787AC1-E900-447C-AE87-4442C201FC7A}
	EndGlobalSection
EndGlobal
